
Microsoft Visual Studio Solution File, Format Version 12.00
# Visual Studio Version 17
VisualStudioVersion = 17.11.35219.272
MinimumVisualStudioVersion = 10.0.40219.1
Project("{FAE04EC0-301F-11D3-BF4B-00C04F79EFBC}") = "contoBancario2", "contoBancario2\contoBancario2.csproj", "{9EFC3CBD-4F28-42B1-B6FF-3AFF5611A874}"
EndProject
Project("{FAE04EC0-301F-11D3-BF4B-00C04F79EFBC}") = "contoBancario1", "contoBancario1\contoBancario1.csproj", "{6CC763F3-F1E0-4051-B85D-8039F6D9AB8B}"
EndProject
Global
	GlobalSection(SolutionConfigurationPlatforms) = preSolution
		Debug|Any CPU = Debug|Any CPU
		Release|Any CPU = Release|Any CPU
	EndGlobalSection
	GlobalSection(ProjectConfigurationPlatforms) = postSolution
		{9EFC3CBD-4F28-42B1-B6FF-3AFF5611A874}.Debug|Any CPU.ActiveCfg = Debug|Any CPU
		{9EFC3CBD-4F28-42B1-B6FF-3AFF5611A874}.Debug|Any CPU.Build.0 = Debug|Any CPU
		{9EFC3CBD-4F28-42B1-B6FF-3AFF5611A874}.Release|Any CPU.ActiveCfg = Release|Any CPU
		{9EFC3CBD-4F28-42B1-B6FF-3AFF5611A874}.Release|Any CPU.Build.0 = Release|Any CPU
		{6CC763F3-F1E0-4051-B85D-8039F6D9AB8B}.Debug|Any CPU.ActiveCfg = Debug|Any CPU
		{6CC763F3-F1E0-4051-B85D-8039F6D9AB8B}.Debug|Any CPU.Build.0 = Debug|Any CPU
		{6CC763F3-F1E0-4051-B85D-8039F6D9AB8B}.Release|Any CPU.ActiveCfg = Release|Any CPU
		{6CC763F3-F1E0-4051-B85D-8039F6D9AB8B}.Release|Any CPU.Build.0 = Release|Any CPU
	EndGlobalSection
	GlobalSection(SolutionProperties) = preSolution
		HideSolutionNode = FALSE
	EndGlobalSection
	GlobalSection(ExtensibilityGlobals) = postSolution
		SolutionGuid = {E2085BFE-9351-48A1-AAC8-51400F8D5E02}
	EndGlobalSection
EndGlobal
